
Microsoft Visual Studio Solution File, Format Version 12.00
# Visual Studio 14
VisualStudioVersion = 14.0.25420.1
MinimumVisualStudioVersion = 10.0.40219.1
Project("{8BB2217D-0F2D-49D1-97BC-3654ED321F3B}") = "SimpleClassFunction", "SimpleClassFunction\SimpleClassFunction.xproj", "{6194EA03-993A-4C4C-B929-CE7B6F802756}"
EndProject
Project("{8BB2217D-0F2D-49D1-97BC-3654ED321F3B}") = "SimpleAsyncFunction", "SimpleAsyncFunction\SimpleAsyncFunction\SimpleAsyncFunction.xproj", "{0FFF08B1-3C16-4154-9376-5D7CCEFD0262}"
EndProject
Project("{8BB2217D-0F2D-49D1-97BC-3654ED321F3B}") = "SimpleAsyncFunction.Tests", "SimpleAsyncFunction\SimpleAsyncFunction.Tests\SimpleAsyncFunction.Tests.xproj", "{26141275-BF06-4CF5-B326-B02B613E4A7A}"
EndProject
Project("{8BB2217D-0F2D-49D1-97BC-3654ED321F3B}") = "SlackSlashCommandWebhook", "SlackSlashCommandWebhook\SlackSlashCommandWebhook\SlackSlashCommandWebhook.xproj", "{E7C1458C-AAE6-4968-BA2F-302BB5E266CF}"
EndProject
Project("{8BB2217D-0F2D-49D1-97BC-3654ED321F3B}") = "SlackSlashCommandWebhook.Tests", "SlackSlashCommandWebhook\SlackSlashCommandWebhook.Tests\SlackSlashCommandWebhook.Tests.xproj", "{60AC620A-1A9B-4D7B-912A-5EF6BB97C640}"
EndProject
Project("{8BB2217D-0F2D-49D1-97BC-3654ED321F3B}") = "GithubWebhook", "GithubWebhook\GithubWebhook\GithubWebhook.xproj", "{67FDA375-D728-4371-BA43-5E73B85C7086}"
EndProject
Project("{8BB2217D-0F2D-49D1-97BC-3654ED321F3B}") = "GithubWebhook.Tests", "GithubWebhook\GithubWebhook.Tests\GithubWebhook.Tests.xproj", "{87E839C2-CCE9-42C2-A3B6-FF9A855757FC}"
EndProject
Project("{8BB2217D-0F2D-49D1-97BC-3654ED321F3B}") = "SendToChatwork", "SendToChatwork\SendToChatwork\SendToChatwork.xproj", "{F3BC65CD-09E9-412E-8862-A1B39F95339A}"
EndProject
Project("{8BB2217D-0F2D-49D1-97BC-3654ED321F3B}") = "SendToChatwork.Tests", "SendToChatwork\SendToChatwork.Tests\SendToChatwork.Tests.xproj", "{28308C44-1D04-46DD-8AEB-0D741ECDE92B}"
EndProject
Project("{8BB2217D-0F2D-49D1-97BC-3654ED321F3B}") = "LambdaShared", "LambdaShared\LambdaShared.xproj", "{EBC20C25-3D20-4668-AE2D-0CB454EB2578}"
EndProject
Project("{2150E333-8FDC-42A3-9474-1A3956D46DE8}") = "Solution Items", "Solution Items", "{33CADDEF-2606-4D1E-AB00-9982BF9020E0}"
	ProjectSection(SolutionItems) = preProject
		global.json = global.json
	EndProjectSection
EndProject
Project("{8BB2217D-0F2D-49D1-97BC-3654ED321F3B}") = "UnityCloudBuildNotificationProxy", "UnityCloudBuildNotificationProxy\UnityCloudBuildNotificationProxy\UnityCloudBuildNotificationProxy.xproj", "{4FB98D81-B1D1-4FA0-A6F1-B091956673D2}"
EndProject
Project("{8BB2217D-0F2D-49D1-97BC-3654ED321F3B}") = "UnityCloudBuildNotificationProxy.Tests", "UnityCloudBuildNotificationProxy\UnityCloudBuildNotificationProxy.Tests\UnityCloudBuildNotificationProxy.Tests.xproj", "{072B6615-54A2-4285-9D7D-B5A98ADBAF17}"
EndProject
Global
	GlobalSection(SolutionConfigurationPlatforms) = preSolution
		Debug|Any CPU = Debug|Any CPU
		Release|Any CPU = Release|Any CPU
	EndGlobalSection
	GlobalSection(ProjectConfigurationPlatforms) = postSolution
		{6194EA03-993A-4C4C-B929-CE7B6F802756}.Debug|Any CPU.ActiveCfg = Debug|Any CPU
		{6194EA03-993A-4C4C-B929-CE7B6F802756}.Debug|Any CPU.Build.0 = Debug|Any CPU
		{6194EA03-993A-4C4C-B929-CE7B6F802756}.Release|Any CPU.ActiveCfg = Release|Any CPU
		{6194EA03-993A-4C4C-B929-CE7B6F802756}.Release|Any CPU.Build.0 = Release|Any CPU
		{0FFF08B1-3C16-4154-9376-5D7CCEFD0262}.Debug|Any CPU.ActiveCfg = Debug|Any CPU
		{0FFF08B1-3C16-4154-9376-5D7CCEFD0262}.Debug|Any CPU.Build.0 = Debug|Any CPU
		{0FFF08B1-3C16-4154-9376-5D7CCEFD0262}.Release|Any CPU.ActiveCfg = Release|Any CPU
		{0FFF08B1-3C16-4154-9376-5D7CCEFD0262}.Release|Any CPU.Build.0 = Release|Any CPU
		{26141275-BF06-4CF5-B326-B02B613E4A7A}.Debug|Any CPU.ActiveCfg = Debug|Any CPU
		{26141275-BF06-4CF5-B326-B02B613E4A7A}.Debug|Any CPU.Build.0 = Debug|Any CPU
		{26141275-BF06-4CF5-B326-B02B613E4A7A}.Release|Any CPU.ActiveCfg = Release|Any CPU
		{26141275-BF06-4CF5-B326-B02B613E4A7A}.Release|Any CPU.Build.0 = Release|Any CPU
		{E7C1458C-AAE6-4968-BA2F-302BB5E266CF}.Debug|Any CPU.ActiveCfg = Debug|Any CPU
		{E7C1458C-AAE6-4968-BA2F-302BB5E266CF}.Debug|Any CPU.Build.0 = Debug|Any CPU
		{E7C1458C-AAE6-4968-BA2F-302BB5E266CF}.Release|Any CPU.ActiveCfg = Release|Any CPU
		{E7C1458C-AAE6-4968-BA2F-302BB5E266CF}.Release|Any CPU.Build.0 = Release|Any CPU
		{60AC620A-1A9B-4D7B-912A-5EF6BB97C640}.Debug|Any CPU.ActiveCfg = Debug|Any CPU
		{60AC620A-1A9B-4D7B-912A-5EF6BB97C640}.Debug|Any CPU.Build.0 = Debug|Any CPU
		{60AC620A-1A9B-4D7B-912A-5EF6BB97C640}.Release|Any CPU.ActiveCfg = Release|Any CPU
		{60AC620A-1A9B-4D7B-912A-5EF6BB97C640}.Release|Any CPU.Build.0 = Release|Any CPU
		{67FDA375-D728-4371-BA43-5E73B85C7086}.Debug|Any CPU.ActiveCfg = Debug|Any CPU
		{67FDA375-D728-4371-BA43-5E73B85C7086}.Debug|Any CPU.Build.0 = Debug|Any CPU
		{67FDA375-D728-4371-BA43-5E73B85C7086}.Release|Any CPU.ActiveCfg = Release|Any CPU
		{67FDA375-D728-4371-BA43-5E73B85C7086}.Release|Any CPU.Build.0 = Release|Any CPU
		{87E839C2-CCE9-42C2-A3B6-FF9A855757FC}.Debug|Any CPU.ActiveCfg = Debug|Any CPU
		{87E839C2-CCE9-42C2-A3B6-FF9A855757FC}.Debug|Any CPU.Build.0 = Debug|Any CPU
		{87E839C2-CCE9-42C2-A3B6-FF9A855757FC}.Release|Any CPU.ActiveCfg = Release|Any CPU
		{87E839C2-CCE9-42C2-A3B6-FF9A855757FC}.Release|Any CPU.Build.0 = Release|Any CPU
		{F3BC65CD-09E9-412E-8862-A1B39F95339A}.Debug|Any CPU.ActiveCfg = Debug|Any CPU
		{F3BC65CD-09E9-412E-8862-A1B39F95339A}.Debug|Any CPU.Build.0 = Debug|Any CPU
		{F3BC65CD-09E9-412E-8862-A1B39F95339A}.Release|Any CPU.ActiveCfg = Release|Any CPU
		{F3BC65CD-09E9-412E-8862-A1B39F95339A}.Release|Any CPU.Build.0 = Release|Any CPU
		{28308C44-1D04-46DD-8AEB-0D741ECDE92B}.Debug|Any CPU.ActiveCfg = Debug|Any CPU
		{28308C44-1D04-46DD-8AEB-0D741ECDE92B}.Debug|Any CPU.Build.0 = Debug|Any CPU
		{28308C44-1D04-46DD-8AEB-0D741ECDE92B}.Release|Any CPU.ActiveCfg = Release|Any CPU
		{28308C44-1D04-46DD-8AEB-0D741ECDE92B}.Release|Any CPU.Build.0 = Release|Any CPU
		{EBC20C25-3D20-4668-AE2D-0CB454EB2578}.Debug|Any CPU.ActiveCfg = Debug|Any CPU
		{EBC20C25-3D20-4668-AE2D-0CB454EB2578}.Debug|Any CPU.Build.0 = Debug|Any CPU
		{EBC20C25-3D20-4668-AE2D-0CB454EB2578}.Release|Any CPU.ActiveCfg = Release|Any CPU
		{EBC20C25-3D20-4668-AE2D-0CB454EB2578}.Release|Any CPU.Build.0 = Release|Any CPU
		{4FB98D81-B1D1-4FA0-A6F1-B091956673D2}.Debug|Any CPU.ActiveCfg = Debug|Any CPU
		{4FB98D81-B1D1-4FA0-A6F1-B091956673D2}.Debug|Any CPU.Build.0 = Debug|Any CPU
		{4FB98D81-B1D1-4FA0-A6F1-B091956673D2}.Release|Any CPU.ActiveCfg = Release|Any CPU
		{4FB98D81-B1D1-4FA0-A6F1-B091956673D2}.Release|Any CPU.Build.0 = Release|Any CPU
		{072B6615-54A2-4285-9D7D-B5A98ADBAF17}.Debug|Any CPU.ActiveCfg = Debug|Any CPU
		{072B6615-54A2-4285-9D7D-B5A98ADBAF17}.Debug|Any CPU.Build.0 = Debug|Any CPU
		{072B6615-54A2-4285-9D7D-B5A98ADBAF17}.Release|Any CPU.ActiveCfg = Release|Any CPU
		{072B6615-54A2-4285-9D7D-B5A98ADBAF17}.Release|Any CPU.Build.0 = Release|Any CPU
	EndGlobalSection
	GlobalSection(SolutionProperties) = preSolution
		HideSolutionNode = FALSE
	EndGlobalSection
EndGlobal
